// !$*UTF8*$!
{
	archiveVersion = 1;
	classes = {
	};
	objectVersion = 46;
	objects = {

/* Begin PBXBuildFile section */
		324EB2E81B86DC5900915E8A /* main.m in Sources */ = {isa = PBXBuildFile; fileRef = 324EB2E71B86DC5900915E8A /* main.m */; };
		324EB2EB1B86DC5900915E8A /* AppDelegate.m in Sources */ = {isa = PBXBuildFile; fileRef = 324EB2EA1B86DC5900915E8A /* AppDelegate.m */; };
		324EB2EE1B86DC5900915E8A /* ViewController.m in Sources */ = {isa = PBXBuildFile; fileRef = 324EB2ED1B86DC5900915E8A /* ViewController.m */; };
		324EB2F11B86DC5900915E8A /* Main.storyboard in Resources */ = {isa = PBXBuildFile; fileRef = 324EB2EF1B86DC5900915E8A /* Main.storyboard */; };
		324EB2F31B86DC5900915E8A /* Images.xcassets in Resources */ = {isa = PBXBuildFile; fileRef = 324EB2F21B86DC5900915E8A /* Images.xcassets */; };
		324EB2F61B86DC5900915E8A /* LaunchScreen.xib in Resources */ = {isa = PBXBuildFile; fileRef = 324EB2F41B86DC5900915E8A /* LaunchScreen.xib */; };
		324EB3021B86DC5900915E8A /* ChainResponsibilityDemoTests.m in Sources */ = {isa = PBXBuildFile; fileRef = 324EB3011B86DC5900915E8A /* ChainResponsibilityDemoTests.m */; };
		324EB30D1B86F0F100915E8A /* AttackHandler.m in Sources */ = {isa = PBXBuildFile; fileRef = 324EB30C1B86F0F100915E8A /* AttackHandler.m */; };
		324EB3121B86FA2000915E8A /* Attack.m in Sources */ = {isa = PBXBuildFile; fileRef = 324EB3111B86FA2000915E8A /* Attack.m */; };
		324EB3181B86FAA600915E8A /* WaterAttack.m in Sources */ = {isa = PBXBuildFile; fileRef = 324EB3171B86FAA600915E8A /* WaterAttack.m */; };
		324EB31B1B86FAC000915E8A /* FireAttack.m in Sources */ = {isa = PBXBuildFile; fileRef = 324EB31A1B86FAC000915E8A /* FireAttack.m */; };
		324EB31E1B86FAD600915E8A /* SoliderAttack.m in Sources */ = {isa = PBXBuildFile; fileRef = 324EB31D1B86FAD600915E8A /* SoliderAttack.m */; };
		324EB3211B86FC2600915E8A /* WaterAttackHandler.m in Sources */ = {isa = PBXBuildFile; fileRef = 324EB3201B86FC2600915E8A /* WaterAttackHandler.m */; };
		324EB3241B86FC3900915E8A /* FireAttackHandler.m in Sources */ = {isa = PBXBuildFile; fileRef = 324EB3231B86FC3900915E8A /* FireAttackHandler.m */; };
		324EB32A1B86FEFF00915E8A /* Avatar.m in Sources */ = {isa = PBXBuildFile; fileRef = 324EB3291B86FEFF00915E8A /* Avatar.m */; };
/* End PBXBuildFile section */

/* Begin PBXContainerItemProxy section */
		324EB2FC1B86DC5900915E8A /* PBXContainerItemProxy */ = {
			isa = PBXContainerItemProxy;
			containerPortal = 324EB2DA1B86DC5900915E8A /* Project object */;
			proxyType = 1;
			remoteGlobalIDString = 324EB2E11B86DC5900915E8A;
			remoteInfo = ChainResponsibilityDemo;
		};
/* End PBXContainerItemProxy section */

/* Begin PBXFileReference section */
		324EB2E21B86DC5900915E8A /* ChainResponsibilityDemo.app */ = {isa = PBXFileReference; explicitFileType = wrapper.application; includeInIndex = 0; path = ChainResponsibilityDemo.app; sourceTree = BUILT_PRODUCTS_DIR; };
		324EB2E61B86DC5900915E8A /* Info.plist */ = {isa = PBXFileReference; lastKnownFileType = text.plist.xml; path = Info.plist; sourceTree = "<group>"; };
		324EB2E71B86DC5900915E8A /* main.m */ = {isa = PBXFileReference; lastKnownFileType = sourcecode.c.objc; path = main.m; sourceTree = "<group>"; };
		324EB2E91B86DC5900915E8A /* AppDelegate.h */ = {isa = PBXFileReference; lastKnownFileType = sourcecode.c.h; path = AppDelegate.h; sourceTree = "<group>"; };
		324EB2EA1B86DC5900915E8A /* AppDelegate.m */ = {isa = PBXFileReference; lastKnownFileType = sourcecode.c.objc; path = AppDelegate.m; sourceTree = "<group>"; };
		324EB2EC1B86DC5900915E8A /* ViewController.h */ = {isa = PBXFileReference; lastKnownFileType = sourcecode.c.h; path = ViewController.h; sourceTree = "<group>"; };
		324EB2ED1B86DC5900915E8A /* ViewController.m */ = {isa = PBXFileReference; lastKnownFileType = sourcecode.c.objc; path = ViewController.m; sourceTree = "<group>"; };
		324EB2F01B86DC5900915E8A /* Base */ = {isa = PBXFileReference; lastKnownFileType = file.storyboard; name = Base; path = Base.lproj/Main.storyboard; sourceTree = "<group>"; };
		324EB2F21B86DC5900915E8A /* Images.xcassets */ = {isa = PBXFileReference; lastKnownFileType = folder.assetcatalog; path = Images.xcassets; sourceTree = "<group>"; };
		324EB2F51B86DC5900915E8A /* Base */ = {isa = PBXFileReference; lastKnownFileType = file.xib; name = Base; path = Base.lproj/LaunchScreen.xib; sourceTree = "<group>"; };
		324EB2FB1B86DC5900915E8A /* ChainResponsibilityDemoTests.xctest */ = {isa = PBXFileReference; explicitFileType = wrapper.cfbundle; includeInIndex = 0; path = ChainResponsibilityDemoTests.xctest; sourceTree = BUILT_PRODUCTS_DIR; };
		324EB3001B86DC5900915E8A /* Info.plist */ = {isa = PBXFileReference; lastKnownFileType = text.plist.xml; path = Info.plist; sourceTree = "<group>"; };
		324EB3011B86DC5900915E8A /* ChainResponsibilityDemoTests.m */ = {isa = PBXFileReference; lastKnownFileType = sourcecode.c.objc; path = ChainResponsibilityDemoTests.m; sourceTree = "<group>"; };
		324EB30B1B86F0F100915E8A /* AttackHandler.h */ = {isa = PBXFileReference; fileEncoding = 4; lastKnownFileType = sourcecode.c.h; path = AttackHandler.h; sourceTree = "<group>"; };
		324EB30C1B86F0F100915E8A /* AttackHandler.m */ = {isa = PBXFileReference; fileEncoding = 4; lastKnownFileType = sourcecode.c.objc; path = AttackHandler.m; sourceTree = "<group>"; };
		324EB3101B86FA2000915E8A /* Attack.h */ = {isa = PBXFileReference; fileEncoding = 4; lastKnownFileType = sourcecode.c.h; path = Attack.h; sourceTree = "<group>"; };
		324EB3111B86FA2000915E8A /* Attack.m */ = {isa = PBXFileReference; fileEncoding = 4; lastKnownFileType = sourcecode.c.objc; path = Attack.m; sourceTree = "<group>"; };
		324EB3161B86FAA600915E8A /* WaterAttack.h */ = {isa = PBXFileReference; fileEncoding = 4; lastKnownFileType = sourcecode.c.h; path = WaterAttack.h; sourceTree = "<group>"; };
		324EB3171B86FAA600915E8A /* WaterAttack.m */ = {isa = PBXFileReference; fileEncoding = 4; lastKnownFileType = sourcecode.c.objc; path = WaterAttack.m; sourceTree = "<group>"; };
		324EB3191B86FAC000915E8A /* FireAttack.h */ = {isa = PBXFileReference; fileEncoding = 4; lastKnownFileType = sourcecode.c.h; path = FireAttack.h; sourceTree = "<group>"; };
		324EB31A1B86FAC000915E8A /* FireAttack.m */ = {isa = PBXFileReference; fileEncoding = 4; lastKnownFileType = sourcecode.c.objc; path = FireAttack.m; sourceTree = "<group>"; };
		324EB31C1B86FAD600915E8A /* SoliderAttack.h */ = {isa = PBXFileReference; fileEncoding = 4; lastKnownFileType = sourcecode.c.h; path = SoliderAttack.h; sourceTree = "<group>"; };
		324EB31D1B86FAD600915E8A /* SoliderAttack.m */ = {isa = PBXFileReference; fileEncoding = 4; lastKnownFileType = sourcecode.c.objc; path = SoliderAttack.m; sourceTree = "<group>"; };
		324EB31F1B86FC2600915E8A /* WaterAttackHandler.h */ = {isa = PBXFileReference; fileEncoding = 4; lastKnownFileType = sourcecode.c.h; path = WaterAttackHandler.h; sourceTree = "<group>"; };
		324EB3201B86FC2600915E8A /* WaterAttackHandler.m */ = {isa = PBXFileReference; fileEncoding = 4; lastKnownFileType = sourcecode.c.objc; path = WaterAttackHandler.m; sourceTree = "<group>"; };
		324EB3221B86FC3900915E8A /* FireAttackHandler.h */ = {isa = PBXFileReference; fileEncoding = 4; lastKnownFileType = sourcecode.c.h; path = FireAttackHandler.h; sourceTree = "<group>"; };
		324EB3231B86FC3900915E8A /* FireAttackHandler.m */ = {isa = PBXFileReference; fileEncoding = 4; lastKnownFileType = sourcecode.c.objc; path = FireAttackHandler.m; sourceTree = "<group>"; };
		324EB3281B86FEFF00915E8A /* Avatar.h */ = {isa = PBXFileReference; fileEncoding = 4; lastKnownFileType = sourcecode.c.h; path = Avatar.h; sourceTree = "<group>"; };
		324EB3291B86FEFF00915E8A /* Avatar.m */ = {isa = PBXFileReference; fileEncoding = 4; lastKnownFileType = sourcecode.c.objc; path = Avatar.m; sourceTree = "<group>"; };
/* End PBXFileReference section */

/* Begin PBXFrameworksBuildPhase section */
		324EB2DF1B86DC5900915E8A /* Frameworks */ = {
			isa = PBXFrameworksBuildPhase;
			buildActionMask = 2147483647;
			files = (
			);
			runOnlyForDeploymentPostprocessing = 0;
		};
		324EB2F81B86DC5900915E8A /* Frameworks */ = {
			isa = PBXFrameworksBuildPhase;
			buildActionMask = 2147483647;
			files = (
			);
			runOnlyForDeploymentPostprocessing = 0;
		};
/* End PBXFrameworksBuildPhase section */

/* Begin PBXGroup section */
		324EB2D91B86DC5900915E8A = {
			isa = PBXGroup;
			children = (
				324EB2E41B86DC5900915E8A /* ChainResponsibilityDemo */,
				324EB2FE1B86DC5900915E8A /* ChainResponsibilityDemoTests */,
				324EB2E31B86DC5900915E8A /* Products */,
			);
			sourceTree = "<group>";
		};
		324EB2E31B86DC5900915E8A /* Products */ = {
			isa = PBXGroup;
			children = (
				324EB2E21B86DC5900915E8A /* ChainResponsibilityDemo.app */,
				324EB2FB1B86DC5900915E8A /* ChainResponsibilityDemoTests.xctest */,
			);
			name = Products;
			sourceTree = "<group>";
		};
		324EB2E41B86DC5900915E8A /* ChainResponsibilityDemo */ = {
			isa = PBXGroup;
			children = (
				324EB30E1B86F9FC00915E8A /* Attacks */,
				324EB30F1B86FA0600915E8A /* AttackHandlers */,
				324EB2E91B86DC5900915E8A /* AppDelegate.h */,
				324EB2EA1B86DC5900915E8A /* AppDelegate.m */,
				324EB2EC1B86DC5900915E8A /* ViewController.h */,
				324EB2ED1B86DC5900915E8A /* ViewController.m */,
				324EB2EF1B86DC5900915E8A /* Main.storyboard */,
				324EB2F21B86DC5900915E8A /* Images.xcassets */,
				324EB2F41B86DC5900915E8A /* LaunchScreen.xib */,
				324EB2E51B86DC5900915E8A /* Supporting Files */,
			);
			path = ChainResponsibilityDemo;
			sourceTree = "<group>";
		};
		324EB2E51B86DC5900915E8A /* Supporting Files */ = {
			isa = PBXGroup;
			children = (
				324EB2E61B86DC5900915E8A /* Info.plist */,
				324EB2E71B86DC5900915E8A /* main.m */,
			);
			name = "Supporting Files";
			sourceTree = "<group>";
		};
		324EB2FE1B86DC5900915E8A /* ChainResponsibilityDemoTests */ = {
			isa = PBXGroup;
			children = (
				324EB3011B86DC5900915E8A /* ChainResponsibilityDemoTests.m */,
				324EB2FF1B86DC5900915E8A /* Supporting Files */,
			);
			path = ChainResponsibilityDemoTests;
			sourceTree = "<group>";
		};
		324EB2FF1B86DC5900915E8A /* Supporting Files */ = {
			isa = PBXGroup;
			children = (
				324EB3001B86DC5900915E8A /* Info.plist */,
			);
			name = "Supporting Files";
			sourceTree = "<group>";
		};
		324EB30E1B86F9FC00915E8A /* Attacks */ = {
			isa = PBXGroup;
			children = (
				324EB3101B86FA2000915E8A /* Attack.h */,
				324EB3111B86FA2000915E8A /* Attack.m */,
				324EB3161B86FAA600915E8A /* WaterAttack.h */,
				324EB3171B86FAA600915E8A /* WaterAttack.m */,
				324EB3191B86FAC000915E8A /* FireAttack.h */,
				324EB31A1B86FAC000915E8A /* FireAttack.m */,
				324EB31C1B86FAD600915E8A /* SoliderAttack.h */,
				324EB31D1B86FAD600915E8A /* SoliderAttack.m */,
			);
			name = Attacks;
			sourceTree = "<group>";
		};
		324EB30F1B86FA0600915E8A /* AttackHandlers */ = {
			isa = PBXGroup;
			children = (
				324EB30B1B86F0F100915E8A /* AttackHandler.h */,
				324EB30C1B86F0F100915E8A /* AttackHandler.m */,
				324EB31F1B86FC2600915E8A /* WaterAttackHandler.h */,
				324EB3201B86FC2600915E8A /* WaterAttackHandler.m */,
				324EB3221B86FC3900915E8A /* FireAttackHandler.h */,
				324EB3231B86FC3900915E8A /* FireAttackHandler.m */,
				324EB3281B86FEFF00915E8A /* Avatar.h */,
				324EB3291B86FEFF00915E8A /* Avatar.m */,
			);
			name = AttackHandlers;
			sourceTree = "<group>";
		};
/* End PBXGroup section */

/* Begin PBXNativeTarget section */
		324EB2E11B86DC5900915E8A /* ChainResponsibilityDemo */ = {
			isa = PBXNativeTarget;
			buildConfigurationList = 324EB3051B86DC5900915E8A /* Build configuration list for PBXNativeTarget "ChainResponsibilityDemo" */;
			buildPhases = (
				324EB2DE1B86DC5900915E8A /* Sources */,
				324EB2DF1B86DC5900915E8A /* Frameworks */,
				324EB2E01B86DC5900915E8A /* Resources */,
			);
			buildRules = (
			);
			dependencies = (
			);
			name = ChainResponsibilityDemo;
			productName = ChainResponsibilityDemo;
			productReference = 324EB2E21B86DC5900915E8A /* ChainResponsibilityDemo.app */;
			productType = "com.apple.product-type.application";
		};
		324EB2FA1B86DC5900915E8A /* ChainResponsibilityDemoTests */ = {
			isa = PBXNativeTarget;
			buildConfigurationList = 324EB3081B86DC5900915E8A /* Build configuration list for PBXNativeTarget "ChainResponsibilityDemoTests" */;
			buildPhases = (
				324EB2F71B86DC5900915E8A /* Sources */,
				324EB2F81B86DC5900915E8A /* Frameworks */,
				324EB2F91B86DC5900915E8A /* Resources */,
			);
			buildRules = (
			);
			dependencies = (
				324EB2FD1B86DC5900915E8A /* PBXTargetDependency */,
			);
			name = ChainResponsibilityDemoTests;
			productName = ChainResponsibilityDemoTests;
			productReference = 324EB2FB1B86DC5900915E8A /* ChainResponsibilityDemoTests.xctest */;
			productType = "com.apple.product-type.bundle.unit-test";
		};
/* End PBXNativeTarget section */

/* Begin PBXProject section */
		324EB2DA1B86DC5900915E8A /* Project object */ = {
			isa = PBXProject;
			attributes = {
				LastUpgradeCheck = 0640;
				ORGANIZATIONNAME = Bruce;
				TargetAttributes = {
					324EB2E11B86DC5900915E8A = {
						CreatedOnToolsVersion = 6.4;
					};
					324EB2FA1B86DC5900915E8A = {
						CreatedOnToolsVersion = 6.4;
						TestTargetID = 324EB2E11B86DC5900915E8A;
					};
				};
			};
			buildConfigurationList = 324EB2DD1B86DC5900915E8A /* Build configuration list for PBXProject "ChainResponsibilityDemo" */;
			compatibilityVersion = "Xcode 3.2";
			developmentRegion = English;
			hasScannedForEncodings = 0;
			knownRegions = (
				en,
				Base,
			);
			mainGroup = 324EB2D91B86DC5900915E8A;
			productRefGroup = 324EB2E31B86DC5900915E8A /* Products */;
			projectDirPath = "";
			projectRoot = "";
			targets = (
				324EB2E11B86DC5900915E8A /* ChainResponsibilityDemo */,
				324EB2FA1B86DC5900915E8A /* ChainResponsibilityDemoTests */,
			);
		};
/* End PBXProject section */

/* Begin PBXResourcesBuildPhase section */
		324EB2E01B86DC5900915E8A /* Resources */ = {
			isa = PBXResourcesBuildPhase;
			buildActionMask = 2147483647;
			files = (
				324EB2F11B86DC5900915E8A /* Main.storyboard in Resources */,
				324EB2F61B86DC5900915E8A /* LaunchScreen.xib in Resources */,
				324EB2F31B86DC5900915E8A /* Images.xcassets in Resources */,
			);
			runOnlyForDeploymentPostprocessing = 0;
		};
		324EB2F91B86DC5900915E8A /* Resources */ = {
			isa = PBXResourcesBuildPhase;
			buildActionMask = 2147483647;
			files = (
			);
			runOnlyForDeploymentPostprocessing = 0;
		};
/* End PBXResourcesBuildPhase section */

/* Begin PBXSourcesBuildPhase section */
		324EB2DE1B86DC5900915E8A /* Sources */ = {
			isa = PBXSourcesBuildPhase;
			buildActionMask = 2147483647;
			files = (
				324EB30D1B86F0F100915E8A /* AttackHandler.m in Sources */,
				324EB3181B86FAA600915E8A /* WaterAttack.m in Sources */,
				324EB3211B86FC2600915E8A /* WaterAttackHandler.m in Sources */,
				324EB3121B86FA2000915E8A /* Attack.m in Sources */,
				324EB31B1B86FAC000915E8A /* FireAttack.m in Sources */,
				324EB32A1B86FEFF00915E8A /* Avatar.m in Sources */,
				324EB31E1B86FAD600915E8A /* SoliderAttack.m in Sources */,
				324EB3241B86FC3900915E8A /* FireAttackHandler.m in Sources */,
				324EB2EE1B86DC5900915E8A /* ViewController.m in Sources */,
				324EB2EB1B86DC5900915E8A /* AppDelegate.m in Sources */,
				324EB2E81B86DC5900915E8A /* main.m in Sources */,
			);
			runOnlyForDeploymentPostprocessing = 0;
		};
		324EB2F71B86DC5900915E8A /* Sources */ = {
			isa = PBXSourcesBuildPhase;
			buildActionMask = 2147483647;
			files = (
				324EB3021B86DC5900915E8A /* ChainResponsibilityDemoTests.m in Sources */,
			);
			runOnlyForDeploymentPostprocessing = 0;
		};
/* End PBXSourcesBuildPhase section */

/* Begin PBXTargetDependency section */
		324EB2FD1B86DC5900915E8A /* PBXTargetDependency */ = {
			isa = PBXTargetDependency;
			target = 324EB2E11B86DC5900915E8A /* ChainResponsibilityDemo */;
			targetProxy = 324EB2FC1B86DC5900915E8A /* PBXContainerItemProxy */;
		};
/* End PBXTargetDependency section */

/* Begin PBXVariantGroup section */
		324EB2EF1B86DC5900915E8A /* Main.storyboard */ = {
			isa = PBXVariantGroup;
			children = (
				324EB2F01B86DC5900915E8A /* Base */,
			);
			name = Main.storyboard;
			sourceTree = "<group>";
		};
		324EB2F41B86DC5900915E8A /* LaunchScreen.xib */ = {
			isa = PBXVariantGroup;
			children = (
				324EB2F51B86DC5900915E8A /* Base */,
			);
			name = LaunchScreen.xib;
			sourceTree = "<group>";
		};
/* End PBXVariantGroup section */

/* Begin XCBuildConfiguration section */
		324EB3031B86DC5900915E8A /* Debug */ = {
			isa = XCBuildConfiguration;
			buildSettings = {
				ALWAYS_SEARCH_USER_PATHS = NO;
				CLANG_CXX_LANGUAGE_STANDARD = "gnu++0x";
				CLANG_CXX_LIBRARY = "libc++";
				CLANG_ENABLE_MODULES = YES;
				CLANG_ENABLE_OBJC_ARC = YES;
				CLANG_WARN_BOOL_CONVERSION = YES;
				CLANG_WARN_CONSTANT_CONVERSION = YES;
				CLANG_WARN_DIRECT_OBJC_ISA_USAGE = YES_ERROR;
				CLANG_WARN_EMPTY_BODY = YES;
				CLANG_WARN_ENUM_CONVERSION = YES;
				CLANG_WARN_INT_CONVERSION = YES;
				CLANG_WARN_OBJC_ROOT_CLASS = YES_ERROR;
				CLANG_WARN_UNREACHABLE_CODE = YES;
				CLANG_WARN__DUPLICATE_METHOD_MATCH = YES;
				"CODE_SIGN_IDENTITY[sdk=iphoneos*]" = "iPhone Developer";
				COPY_PHASE_STRIP = NO;
				DEBUG_INFORMATION_FORMAT = "dwarf-with-dsym";
				ENABLE_STRICT_OBJC_MSGSEND = YES;
				GCC_C_LANGUAGE_STANDARD = gnu99;
				GCC_DYNAMIC_NO_PIC = NO;
				GCC_NO_COMMON_BLOCKS = YES;
				GCC_OPTIMIZATION_LEVEL = 0;
				GCC_PREPROCESSOR_DEFINITIONS = (
					"DEBUG=1",
					"$(inherited)",
				);
				GCC_SYMBOLS_PRIVATE_EXTERN = NO;
				GCC_WARN_64_TO_32_BIT_CONVERSION = YES;
				GCC_WARN_ABOUT_RETURN_TYPE = YES_ERROR;
				GCC_WARN_UNDECLARED_SELECTOR = YES;
				GCC_WARN_UNINITIALIZED_AUTOS = YES_AGGRESSIVE;
				GCC_WARN_UNUSED_FUNCTION = YES;
				GCC_WARN_UNUSED_VARIABLE = YES;
				IPHONEOS_DEPLOYMENT_TARGET = 8.4;
				MTL_ENABLE_DEBUG_INFO = YES;
				ONLY_ACTIVE_ARCH = YES;
				SDKROOT = iphoneos;
			};
			name = Debug;
		};
		324EB3041B86DC5900915E8A /* Release */ = {
			isa = XCBuildConfiguration;
			buildSettings = {
				ALWAYS_SEARCH_USER_PATHS = NO;
				CLANG_CXX_LANGUAGE_STANDARD = "gnu++0x";
				CLANG_CXX_LIBRARY = "libc++";
				CLANG_ENABLE_MODULES = YES;
				CLANG_ENABLE_OBJC_ARC = YES;
				CLANG_WARN_BOOL_CONVERSION = YES;
				CLANG_WARN_CONSTANT_CONVERSION = YES;
				CLANG_WARN_DIRECT_OBJC_ISA_USAGE = YES_ERROR;
				CLANG_WARN_EMPTY_BODY = YES;
				CLANG_WARN_ENUM_CONVERSION = YES;
				CLANG_WARN_INT_CONVERSION = YES;
				CLANG_WARN_OBJC_ROOT_CLASS = YES_ERROR;
				CLANG_WARN_UNREACHABLE_CODE = YES;
				CLANG_WARN__DUPLICATE_METHOD_MATCH = YES;
				"CODE_SIGN_IDENTITY[sdk=iphoneos*]" = "iPhone Developer";
				COPY_PHASE_STRIP = NO;
				DEBUG_INFORMATION_FORMAT = "dwarf-with-dsym";
				ENABLE_NS_ASSERTIONS = NO;
				ENABLE_STRICT_OBJC_MSGSEND = YES;
				GCC_C_LANGUAGE_STANDARD = gnu99;
				GCC_NO_COMMON_BLOCKS = YES;
				GCC_WARN_64_TO_32_BIT_CONVERSION = YES;
				GCC_WARN_ABOUT_RETURN_TYPE = YES_ERROR;
				GCC_WARN_UNDECLARED_SELECTOR = YES;
				GCC_WARN_UNINITIALIZED_AUTOS = YES_AGGRESSIVE;
				GCC_WARN_UNUSED_FUNCTION = YES;
				GCC_WARN_UNUSED_VARIABLE = YES;
				IPHONEOS_DEPLOYMENT_TARGET = 8.4;
				MTL_ENABLE_DEBUG_INFO = NO;
				SDKROOT = iphoneos;
				VALIDATE_PRODUCT = YES;
			};
			name = Release;
		};
		324EB3061B86DC5900915E8A /* Debug */ = {
			isa = XCBuildConfiguration;
			buildSettings = {
				ASSETCATALOG_COMPILER_APPICON_NAME = AppIcon;
				INFOPLIST_FILE = ChainResponsibilityDemo/Info.plist;
				LD_RUNPATH_SEARCH_PATHS = "$(inherited) @executable_path/Frameworks";
				PRODUCT_NAME = "$(TARGET_NAME)";
			};
			name = Debug;
		};
		324EB3071B86DC5900915E8A /* Release */ = {
			isa = XCBuildConfiguration;
			buildSettings = {
				ASSETCATALOG_COMPILER_APPICON_NAME = AppIcon;
				INFOPLIST_FILE = ChainResponsibilityDemo/Info.plist;
				LD_RUNPATH_SEARCH_PATHS = "$(inherited) @executable_path/Frameworks";
				PRODUCT_NAME = "$(TARGET_NAME)";
			};
			name = Release;
		};
		324EB3091B86DC5900915E8A /* Debug */ = {
			isa = XCBuildConfiguration;
			buildSettings = {
				BUNDLE_LOADER = "$(TEST_HOST)";
				FRAMEWORK_SEARCH_PATHS = (
					"$(SDKROOT)/Developer/Library/Frameworks",
					"$(inherited)",
				);
				GCC_PREPROCESSOR_DEFINITIONS = (
					"DEBUG=1",
					"$(inherited)",
				);
				INFOPLIST_FILE = ChainResponsibilityDemoTests/Info.plist;
				LD_RUNPATH_SEARCH_PATHS = "$(inherited) @executable_path/Frameworks @loader_path/Frameworks";
				PRODUCT_NAME = "$(TARGET_NAME)";
				TEST_HOST = "$(BUILT_PRODUCTS_DIR)/ChainResponsibilityDemo.app/ChainResponsibilityDemo";
			};
			name = Debug;
		};
		324EB30A1B86DC5900915E8A /* Release */ = {
			isa = XCBuildConfiguration;
			buildSettings = {
				BUNDLE_LOADER = "$(TEST_HOST)";
				FRAMEWORK_SEARCH_PATHS = (
					"$(SDKROOT)/Developer/Library/Frameworks",
					"$(inherited)",
				);
				INFOPLIST_FILE = ChainResponsibilityDemoTests/Info.plist;
				LD_RUNPATH_SEARCH_PATHS = "$(inherited) @executable_path/Frameworks @loader_path/Frameworks";
				PRODUCT_NAME = "$(TARGET_NAME)";
				TEST_HOST = "$(BUILT_PRODUCTS_DIR)/ChainResponsibilityDemo.app/ChainResponsibilityDemo";
			};
			name = Release;
		};
/* End XCBuildConfiguration section */

/* Begin XCConfigurationList section */
		324EB2DD1B86DC5900915E8A /* Build configuration list for PBXProject "ChainResponsibilityDemo" */ = {
			isa = XCConfigurationList;
			buildConfigurations = (
				324EB3031B86DC5900915E8A /* Debug */,
				324EB3041B86DC5900915E8A /* Release */,
			);
			defaultConfigurationIsVisible = 0;
			defaultConfigurationName = Release;
		};
		324EB3051B86DC5900915E8A /* Build configuration list for PBXNativeTarget "ChainResponsibilityDemo" */ = {
			isa = XCConfigurationList;
			buildConfigurations = (
				324EB3061B86DC5900915E8A /* Debug */,
				324EB3071B86DC5900915E8A /* Release */,
			);
			defaultConfigurationIsVisible = 0;
		};
		324EB3081B86DC5900915E8A /* Build configuration list for PBXNativeTarget "ChainResponsibilityDemoTests" */ = {
			isa = XCConfigurationList;
			buildConfigurations = (
				324EB3091B86DC5900915E8A /* Debug */,
				324EB30A1B86DC5900915E8A /* Release */,
			);
			defaultConfigurationIsVisible = 0;
		};
/* End XCConfigurationList section */
	};
	rootObject = 324EB2DA1B86DC5900915E8A /* Project object */;
}
